<?xml version="1.0" encoding="utf-8"?>
<Project ToolsVersion="4.0" xmlns="http://schemas.microsoft.com/developer/msbuild/2003">
  <ItemGroup>
    <Filter Include="main">
      <UniqueIdentifier>{9c654e52-52ec-4451-a7c1-9a1b22277a51}</UniqueIdentifier>
    </Filter>
    <Filter Include="neur">
      <UniqueIdentifier>{78fcaf74-f6ee-43ca-aff9-b385a408c5eb}</UniqueIdentifier>
    </Filter>
    <Filter Include="neur\Source Files">
      <UniqueIdentifier>{327f7f7c-854d-473a-8724-88eb3a30a4e7}</UniqueIdentifier>
      <Extensions>cpp;c;cc;cxx;def;odl;idl;hpj;bat;asm;asmx</Extensions>
    </Filter>
    <Filter Include="neur\Header Files">
      <UniqueIdentifier>{d12d94a7-5647-4af1-a19b-01a172860ffc}</UniqueIdentifier>
      <Extensions>h;hpp;hxx;hm;inl;inc;xsd</Extensions>
    </Filter>
    <Filter Include="neur\Header Files\layers">
      <UniqueIdentifier>{792c8353-96f1-44c4-8ac5-79a1c28f1af9}</UniqueIdentifier>
    </Filter>
    <Filter Include="learn">
      <UniqueIdentifier>{d18c870e-f184-4219-8607-744224539641}</UniqueIdentifier>
    </Filter>
    <Filter Include="media">
      <UniqueIdentifier>{ab712dbb-01b6-4762-80ac-f09883e575ac}</UniqueIdentifier>
    </Filter>
    <Filter Include="media\Source Files">
      <UniqueIdentifier>{13b1c98d-6278-4a65-86d5-82127e2eb4f2}</UniqueIdentifier>
      <Extensions>cpp;c;cc;cxx;def;odl;idl;hpj;bat;asm;asmx</Extensions>
    </Filter>
    <Filter Include="media\Header Files">
      <UniqueIdentifier>{7f863a80-f9e6-4dbf-8f26-5600632c2716}</UniqueIdentifier>
      <Extensions>h;hpp;hxx;hm;inl;inc;xsd</Extensions>
    </Filter>
    <Filter Include="learn\Source Files">
      <UniqueIdentifier>{220152ad-9dee-459b-99ea-f6a30d9f65ae}</UniqueIdentifier>
      <Extensions>cpp;c;cc;cxx;def;odl;idl;hpj;bat;asm;asmx</Extensions>
    </Filter>
    <Filter Include="learn\Header Files">
      <UniqueIdentifier>{9f4e9dab-c051-4cea-a5a1-bc85e2554670}</UniqueIdentifier>
      <Extensions>h;hpp;hxx;hm;inl;inc;xsd</Extensions>
    </Filter>
    <Filter Include="main\Header Files">
      <UniqueIdentifier>{6ba21755-3fe7-4a19-a451-8f8089a049a6}</UniqueIdentifier>
      <Extensions>h;hpp;hxx;hm;inl;inc;xsd</Extensions>
    </Filter>
    <Filter Include="main\Source Files">
      <UniqueIdentifier>{55f6564b-79bb-4a70-b424-d809dff0fbfb}</UniqueIdentifier>
      <Extensions>cpp;c;cc;cxx;def;odl;idl;hpj;bat;asm;asmx</Extensions>
    </Filter>
    <Filter Include="media\Header Files\buffers">
      <UniqueIdentifier>{b764b434-2979-40d8-bcda-41d52043c833}</UniqueIdentifier>
    </Filter>
  </ItemGroup>
  <ItemGroup>
    <ClCompile Include="..\neur\src\neuron.cpp">
      <Filter>neur\Source Files</Filter>
    </ClCompile>
    <ClCompile Include="..\media\src\soundReader.cpp">
      <Filter>media\Source Files</Filter>
    </ClCompile>
    <ClCompile Include="..\media\src\waveReader.cpp">
      <Filter>media\Source Files</Filter>
    </ClCompile>
    <ClCompile Include="..\media\src\fft.cpp">
      <Filter>media\Source Files</Filter>
    </ClCompile>
    <ClCompile Include="..\learn\src\teacher.cpp">
      <Filter>learn\Source Files</Filter>
    </ClCompile>
    <ClCompile Include="..\main.cpp">
      <Filter>main\Source Files</Filter>
    </ClCompile>
    <ClCompile Include="..\stdafx.cpp">
      <Filter>main\Source Files</Filter>
    </ClCompile>
    <ClCompile Include="..\learn\src\learningSetReader.cpp">
      <Filter>learn\Source Files</Filter>
    </ClCompile>
    <ClCompile Include="..\myApp.cpp">
      <Filter>main\Source Files</Filter>
    </ClCompile>
    <ClCompile Include="..\media\src\fftSampleBuilder.cpp">
      <Filter>media\Source Files</Filter>
    </ClCompile>
    <ClCompile Include="..\neur\src\neuralNetwork.cpp">
      <Filter>neur\Source Files</Filter>
    </ClCompile>
  </ItemGroup>
  <ItemGroup>
    <ClInclude Include="..\neur\include\neuron.h">
      <Filter>neur\Header Files</Filter>
    </ClInclude>
    <ClInclude Include="..\neur\include\baseLayer.h">
      <Filter>neur\Header Files\layers</Filter>
    </ClInclude>
    <ClInclude Include="..\neur\include\hiddenLayer.h">
      <Filter>neur\Header Files\layers</Filter>
    </ClInclude>
    <ClInclude Include="..\neur\include\inputLayer.h">
      <Filter>neur\Header Files\layers</Filter>
    </ClInclude>
    <ClInclude Include="..\neur\include\outputLayer.h">
      <Filter>neur\Header Files\layers</Filter>
    </ClInclude>
    <ClInclude Include="..\media\include\soundReader.h">
      <Filter>media\Header Files</Filter>
    </ClInclude>
    <ClInclude Include="..\media\include\waveReader.h">
      <Filter>media\Header Files</Filter>
    </ClInclude>
    <ClInclude Include="..\media\include\fft.h">
      <Filter>media\Header Files</Filter>
    </ClInclude>
    <ClInclude Include="..\learn\include\learningSet.h">
      <Filter>learn\Header Files</Filter>
    </ClInclude>
    <ClInclude Include="..\learn\include\teacher.h">
      <Filter>learn\Header Files</Filter>
    </ClInclude>
    <ClInclude Include="..\learn\include\learningSetReader.h">
      <Filter>learn\Header Files</Filter>
    </ClInclude>
    <ClInclude Include="..\stdafx.h">
      <Filter>main\Header Files</Filter>
    </ClInclude>
    <ClInclude Include="..\myApp.h">
      <Filter>main\Header Files</Filter>
    </ClInclude>
    <ClInclude Include="..\media\include\fftSampleBuilder.h">
      <Filter>media\Header Files</Filter>
    </ClInclude>
    <ClInclude Include="..\media\include\audioSample.h">
      <Filter>media\Header Files\buffers</Filter>
    </ClInclude>
    <ClInclude Include="..\media\include\fftSample.h">
      <Filter>media\Header Files\buffers</Filter>
    </ClInclude>
    <ClInclude Include="..\media\include\simpleBuffer.h">
      <Filter>media\Header Files\buffers</Filter>
    </ClInclude>
    <ClInclude Include="..\media\include\simpleBufferImpl.h">
      <Filter>media\Header Files\buffers</Filter>
    </ClInclude>
    <ClInclude Include="..\neur\include\resultSet.h">
      <Filter>neur\Header Files</Filter>
    </ClInclude>
    <ClInclude Include="..\neur\include\neuralNetwork.h">
      <Filter>neur\Header Files</Filter>
    </ClInclude>
  </ItemGroup>
</Project>