
Microsoft Visual Studio Solution File, Format Version 11.00
# Visual Studio 2010
Project("{8BC9CEB8-8B4A-11D0-8D11-00A0C91BC942}") = "ZPR", "ZPR.vcxproj", "{3861E7AC-B29C-4300-A4F8-D56D69D9C90C}"
EndProject
Global
	GlobalSection(SolutionConfigurationPlatforms) = preSolution
		Debug|Win32 = Debug|Win32
		Release|Win32 = Release|Win32
	EndGlobalSection
	GlobalSection(ProjectConfigurationPlatforms) = postSolution
		{3861E7AC-B29C-4300-A4F8-D56D69D9C90C}.Debug|Win32.ActiveCfg = Debug|Win32
		{3861E7AC-B29C-4300-A4F8-D56D69D9C90C}.Debug|Win32.Build.0 = Debug|Win32
		{3861E7AC-B29C-4300-A4F8-D56D69D9C90C}.Release|Win32.ActiveCfg = Release|Win32
		{3861E7AC-B29C-4300-A4F8-D56D69D9C90C}.Release|Win32.Build.0 = Release|Win32
	EndGlobalSection
	GlobalSection(SolutionProperties) = preSolution
		HideSolutionNode = FALSE
	EndGlobalSection
EndGlobal
